// !$*UTF8*$!
{
	archiveVersion = 1;
	classes = {
	};
	objectVersion = 52;
	objects = {

/* Begin PBXBuildFile section */
		11BE11D9F1059A1C5FC9A201 /* Pods_TodoRIBs.framework in Frameworks */ = {isa = PBXBuildFile; fileRef = 64A3A8C01C42ED2730726FFC /* Pods_TodoRIBs.framework */; };
		51335D21269C14610058DF3E /* FirebaseAuth in Frameworks */ = {isa = PBXBuildFile; productRef = 51335D20269C14610058DF3E /* FirebaseAuth */; };
		5148B9ED269C26FF00DDD9C1 /* RootRouterTests.swift in Sources */ = {isa = PBXBuildFile; fileRef = 5148B9EB269C26FF00DDD9C1 /* RootRouterTests.swift */; };
		5148B9EE269C37DD00DDD9C1 /* StubAppDelegate.swift in Sources */ = {isa = PBXBuildFile; fileRef = 51589D77269BDA9D00232F35 /* StubAppDelegate.swift */; };
		5148B9F2269C3A4200DDD9C1 /* LoggedOutInteractorTests.swift in Sources */ = {isa = PBXBuildFile; fileRef = 5148B9F0269C3A4100DDD9C1 /* LoggedOutInteractorTests.swift */; };
		5148B9F3269C3A4200DDD9C1 /* LoggedOutRouterTests.swift in Sources */ = {isa = PBXBuildFile; fileRef = 5148B9F1269C3A4100DDD9C1 /* LoggedOutRouterTests.swift */; };
		5148B9F5269C3EBF00DDD9C1 /* LoggedOutMocks.swift in Sources */ = {isa = PBXBuildFile; fileRef = 5148B9F4269C3EBF00DDD9C1 /* LoggedOutMocks.swift */; };
		5148B9F9269C7CC400DDD9C1 /* Logger.swift in Sources */ = {isa = PBXBuildFile; fileRef = 5148B9F8269C7CC300DDD9C1 /* Logger.swift */; };
		51589D732696037300232F35 /* RootComponent+Main.swift in Sources */ = {isa = PBXBuildFile; fileRef = 51589D722696037300232F35 /* RootComponent+Main.swift */; };
		51589D75269BDA2700232F35 /* main.swift in Sources */ = {isa = PBXBuildFile; fileRef = 51589D74269BDA2700232F35 /* main.swift */; };
		51589D7B269BFBA100232F35 /* UINavigationControllerExtensions.swift in Sources */ = {isa = PBXBuildFile; fileRef = 51589D7A269BFBA100232F35 /* UINavigationControllerExtensions.swift */; };
		51589DBB269C109900232F35 /* GoogleService-Info.plist in Resources */ = {isa = PBXBuildFile; fileRef = 51589DBA269C109900232F35 /* GoogleService-Info.plist */; };
		516D00C526AE970A0084552C /* BaseViewController.swift in Sources */ = {isa = PBXBuildFile; fileRef = 516D00C426AE970A0084552C /* BaseViewController.swift */; };
		516DAB32269E84CE006F8A1C /* AuthManager.swift in Sources */ = {isa = PBXBuildFile; fileRef = 516DAB31269E84CE006F8A1C /* AuthManager.swift */; };
		516DAB36269E8D90006F8A1C /* AuthMangerMocks.swift in Sources */ = {isa = PBXBuildFile; fileRef = 516DAB35269E8D90006F8A1C /* AuthMangerMocks.swift */; };
		51B12BE226B7FECA008D2208 /* SignupRouter.swift in Sources */ = {isa = PBXBuildFile; fileRef = 51B12BDE26B7FECA008D2208 /* SignupRouter.swift */; };
		51B12BE326B7FECA008D2208 /* SignupViewController.swift in Sources */ = {isa = PBXBuildFile; fileRef = 51B12BDF26B7FECA008D2208 /* SignupViewController.swift */; };
		51B12BE426B7FECA008D2208 /* SignupBuilder.swift in Sources */ = {isa = PBXBuildFile; fileRef = 51B12BE026B7FECA008D2208 /* SignupBuilder.swift */; };
		51B12BE526B7FECA008D2208 /* SignupInteractor.swift in Sources */ = {isa = PBXBuildFile; fileRef = 51B12BE126B7FECA008D2208 /* SignupInteractor.swift */; };
		51B1556826AA8CE000B5F98A /* FirebaseMessaging in Frameworks */ = {isa = PBXBuildFile; productRef = 51B1556726AA8CE000B5F98A /* FirebaseMessaging */; };
		51F7175226B0181800193DF7 /* ViewControllableExtensions.swift in Sources */ = {isa = PBXBuildFile; fileRef = 51F7175126B0181800193DF7 /* ViewControllableExtensions.swift */; };
		51F7175626B0193F00193DF7 /* HasSetupConstraints.swift in Sources */ = {isa = PBXBuildFile; fileRef = 51F7175526B0193F00193DF7 /* HasSetupConstraints.swift */; };
		51F7175826B0194E00193DF7 /* HasDisposeBag.swift in Sources */ = {isa = PBXBuildFile; fileRef = 51F7175726B0194E00193DF7 /* HasDisposeBag.swift */; };
		8830DF1403335DFF38354713 /* Pods_TodoRIBsTests.framework in Frameworks */ = {isa = PBXBuildFile; fileRef = 692431AB8FB88D06F7A0B6D7 /* Pods_TodoRIBsTests.framework */; };
		884EA498268C287900747581 /* RootRouter.swift in Sources */ = {isa = PBXBuildFile; fileRef = 884EA495268C287900747581 /* RootRouter.swift */; };
		884EA499268C287900747581 /* RootBuilder.swift in Sources */ = {isa = PBXBuildFile; fileRef = 884EA496268C287900747581 /* RootBuilder.swift */; };
		884EA49A268C287900747581 /* RootInteractor.swift in Sources */ = {isa = PBXBuildFile; fileRef = 884EA497268C287900747581 /* RootInteractor.swift */; };
		884EA49D268C296500747581 /* RootViewController.swift in Sources */ = {isa = PBXBuildFile; fileRef = 884EA49C268C296500747581 /* RootViewController.swift */; };
		884EA4BF268C29A100747581 /* AppDelegate.swift in Sources */ = {isa = PBXBuildFile; fileRef = 884EA4BE268C29A100747581 /* AppDelegate.swift */; };
		884EA4C1268C29B600747581 /* SceneDelegate.swift in Sources */ = {isa = PBXBuildFile; fileRef = 884EA4C0268C29B600747581 /* SceneDelegate.swift */; };
		884EA4C3268C2FD400747581 /* AppComponent.swift in Sources */ = {isa = PBXBuildFile; fileRef = 884EA4C2268C2FD400747581 /* AppComponent.swift */; };
		88D90A292681987600E52BD7 /* Assets.xcassets in Resources */ = {isa = PBXBuildFile; fileRef = 88D90A282681987600E52BD7 /* Assets.xcassets */; };
		88D90A372681987700E52BD7 /* RootMocks.swift in Sources */ = {isa = PBXBuildFile; fileRef = 88D90A362681987700E52BD7 /* RootMocks.swift */; };
		88D90A5626819B4A00E52BD7 /* LoggedOutRouter.swift in Sources */ = {isa = PBXBuildFile; fileRef = 88D90A5226819B4900E52BD7 /* LoggedOutRouter.swift */; };
		88D90A5726819B4A00E52BD7 /* LoggedOutViewController.swift in Sources */ = {isa = PBXBuildFile; fileRef = 88D90A5326819B4A00E52BD7 /* LoggedOutViewController.swift */; };
		88D90A5826819B4A00E52BD7 /* LoggedOutBuilder.swift in Sources */ = {isa = PBXBuildFile; fileRef = 88D90A5426819B4A00E52BD7 /* LoggedOutBuilder.swift */; };
		88D90A5926819B4A00E52BD7 /* LoggedOutInteractor.swift in Sources */ = {isa = PBXBuildFile; fileRef = 88D90A5526819B4A00E52BD7 /* LoggedOutInteractor.swift */; };
/* End PBXBuildFile section */

/* Begin PBXContainerItemProxy section */
		88D90A332681987700E52BD7 /* PBXContainerItemProxy */ = {
			isa = PBXContainerItemProxy;
			containerPortal = 88D90A192681987400E52BD7 /* Project object */;
			proxyType = 1;
			remoteGlobalIDString = 88D90A202681987400E52BD7;
			remoteInfo = TodoRIBs;
		};
/* End PBXContainerItemProxy section */

/* Begin PBXFileReference section */
		5148B9EB269C26FF00DDD9C1 /* RootRouterTests.swift */ = {isa = PBXFileReference; lastKnownFileType = sourcecode.swift; path = RootRouterTests.swift; sourceTree = "<group>"; };
		5148B9F0269C3A4100DDD9C1 /* LoggedOutInteractorTests.swift */ = {isa = PBXFileReference; lastKnownFileType = sourcecode.swift; path = LoggedOutInteractorTests.swift; sourceTree = "<group>"; };
		5148B9F1269C3A4100DDD9C1 /* LoggedOutRouterTests.swift */ = {isa = PBXFileReference; lastKnownFileType = sourcecode.swift; path = LoggedOutRouterTests.swift; sourceTree = "<group>"; };
		5148B9F4269C3EBF00DDD9C1 /* LoggedOutMocks.swift */ = {isa = PBXFileReference; lastKnownFileType = sourcecode.swift; path = LoggedOutMocks.swift; sourceTree = "<group>"; };
		5148B9F8269C7CC300DDD9C1 /* Logger.swift */ = {isa = PBXFileReference; lastKnownFileType = sourcecode.swift; path = Logger.swift; sourceTree = "<group>"; };
		51589D722696037300232F35 /* RootComponent+Main.swift */ = {isa = PBXFileReference; lastKnownFileType = sourcecode.swift; path = "RootComponent+Main.swift"; sourceTree = "<group>"; };
		51589D74269BDA2700232F35 /* main.swift */ = {isa = PBXFileReference; lastKnownFileType = sourcecode.swift; path = main.swift; sourceTree = "<group>"; };
		51589D77269BDA9D00232F35 /* StubAppDelegate.swift */ = {isa = PBXFileReference; lastKnownFileType = sourcecode.swift; path = StubAppDelegate.swift; sourceTree = "<group>"; };
		51589D7A269BFBA100232F35 /* UINavigationControllerExtensions.swift */ = {isa = PBXFileReference; lastKnownFileType = sourcecode.swift; path = UINavigationControllerExtensions.swift; sourceTree = "<group>"; };
		51589DBA269C109900232F35 /* GoogleService-Info.plist */ = {isa = PBXFileReference; fileEncoding = 4; lastKnownFileType = text.plist.xml; path = "GoogleService-Info.plist"; sourceTree = "<group>"; };
		516D00C426AE970A0084552C /* BaseViewController.swift */ = {isa = PBXFileReference; lastKnownFileType = sourcecode.swift; path = BaseViewController.swift; sourceTree = "<group>"; };
		516DAB31269E84CE006F8A1C /* AuthManager.swift */ = {isa = PBXFileReference; lastKnownFileType = sourcecode.swift; path = AuthManager.swift; sourceTree = "<group>"; };
		516DAB35269E8D90006F8A1C /* AuthMangerMocks.swift */ = {isa = PBXFileReference; lastKnownFileType = sourcecode.swift; path = AuthMangerMocks.swift; sourceTree = "<group>"; };
		51B12BDE26B7FECA008D2208 /* SignupRouter.swift */ = {isa = PBXFileReference; lastKnownFileType = sourcecode.swift; path = SignupRouter.swift; sourceTree = "<group>"; };
		51B12BDF26B7FECA008D2208 /* SignupViewController.swift */ = {isa = PBXFileReference; lastKnownFileType = sourcecode.swift; path = SignupViewController.swift; sourceTree = "<group>"; };
		51B12BE026B7FECA008D2208 /* SignupBuilder.swift */ = {isa = PBXFileReference; lastKnownFileType = sourcecode.swift; path = SignupBuilder.swift; sourceTree = "<group>"; };
		51B12BE126B7FECA008D2208 /* SignupInteractor.swift */ = {isa = PBXFileReference; lastKnownFileType = sourcecode.swift; path = SignupInteractor.swift; sourceTree = "<group>"; };
		51B1556626AA840900B5F98A /* TodoRIBs.entitlements */ = {isa = PBXFileReference; lastKnownFileType = text.plist.entitlements; path = TodoRIBs.entitlements; sourceTree = "<group>"; };
		51F7175126B0181800193DF7 /* ViewControllableExtensions.swift */ = {isa = PBXFileReference; lastKnownFileType = sourcecode.swift; path = ViewControllableExtensions.swift; sourceTree = "<group>"; };
		51F7175526B0193F00193DF7 /* HasSetupConstraints.swift */ = {isa = PBXFileReference; lastKnownFileType = sourcecode.swift; path = HasSetupConstraints.swift; sourceTree = "<group>"; };
		51F7175726B0194E00193DF7 /* HasDisposeBag.swift */ = {isa = PBXFileReference; lastKnownFileType = sourcecode.swift; path = HasDisposeBag.swift; sourceTree = "<group>"; };
		64A3A8C01C42ED2730726FFC /* Pods_TodoRIBs.framework */ = {isa = PBXFileReference; explicitFileType = wrapper.framework; includeInIndex = 0; path = Pods_TodoRIBs.framework; sourceTree = BUILT_PRODUCTS_DIR; };
		692431AB8FB88D06F7A0B6D7 /* Pods_TodoRIBsTests.framework */ = {isa = PBXFileReference; explicitFileType = wrapper.framework; includeInIndex = 0; path = Pods_TodoRIBsTests.framework; sourceTree = BUILT_PRODUCTS_DIR; };
		7BB1F8D787DAF92374EA8B56 /* Pods-TodoRIBs.debug.xcconfig */ = {isa = PBXFileReference; includeInIndex = 1; lastKnownFileType = text.xcconfig; name = "Pods-TodoRIBs.debug.xcconfig"; path = "Target Support Files/Pods-TodoRIBs/Pods-TodoRIBs.debug.xcconfig"; sourceTree = "<group>"; };
		884EA495268C287900747581 /* RootRouter.swift */ = {isa = PBXFileReference; lastKnownFileType = sourcecode.swift; path = RootRouter.swift; sourceTree = "<group>"; };
		884EA496268C287900747581 /* RootBuilder.swift */ = {isa = PBXFileReference; lastKnownFileType = sourcecode.swift; path = RootBuilder.swift; sourceTree = "<group>"; };
		884EA497268C287900747581 /* RootInteractor.swift */ = {isa = PBXFileReference; lastKnownFileType = sourcecode.swift; path = RootInteractor.swift; sourceTree = "<group>"; };
		884EA49C268C296500747581 /* RootViewController.swift */ = {isa = PBXFileReference; lastKnownFileType = sourcecode.swift; path = RootViewController.swift; sourceTree = "<group>"; };
		884EA4BE268C29A100747581 /* AppDelegate.swift */ = {isa = PBXFileReference; lastKnownFileType = sourcecode.swift; path = AppDelegate.swift; sourceTree = "<group>"; };
		884EA4C0268C29B600747581 /* SceneDelegate.swift */ = {isa = PBXFileReference; lastKnownFileType = sourcecode.swift; path = SceneDelegate.swift; sourceTree = "<group>"; };
		884EA4C2268C2FD400747581 /* AppComponent.swift */ = {isa = PBXFileReference; lastKnownFileType = sourcecode.swift; path = AppComponent.swift; sourceTree = "<group>"; };
		88D90A212681987400E52BD7 /* TodoRIBs.app */ = {isa = PBXFileReference; explicitFileType = wrapper.application; includeInIndex = 0; path = TodoRIBs.app; sourceTree = BUILT_PRODUCTS_DIR; };
		88D90A282681987600E52BD7 /* Assets.xcassets */ = {isa = PBXFileReference; lastKnownFileType = folder.assetcatalog; path = Assets.xcassets; sourceTree = "<group>"; };
		88D90A2D2681987600E52BD7 /* Info.plist */ = {isa = PBXFileReference; lastKnownFileType = text.plist.xml; path = Info.plist; sourceTree = "<group>"; };
		88D90A322681987700E52BD7 /* TodoRIBsTests.xctest */ = {isa = PBXFileReference; explicitFileType = wrapper.cfbundle; includeInIndex = 0; path = TodoRIBsTests.xctest; sourceTree = BUILT_PRODUCTS_DIR; };
		88D90A362681987700E52BD7 /* RootMocks.swift */ = {isa = PBXFileReference; lastKnownFileType = sourcecode.swift; path = RootMocks.swift; sourceTree = "<group>"; };
		88D90A382681987700E52BD7 /* Info.plist */ = {isa = PBXFileReference; lastKnownFileType = text.plist.xml; path = Info.plist; sourceTree = "<group>"; };
		88D90A5226819B4900E52BD7 /* LoggedOutRouter.swift */ = {isa = PBXFileReference; lastKnownFileType = sourcecode.swift; path = LoggedOutRouter.swift; sourceTree = "<group>"; };
		88D90A5326819B4A00E52BD7 /* LoggedOutViewController.swift */ = {isa = PBXFileReference; lastKnownFileType = sourcecode.swift; path = LoggedOutViewController.swift; sourceTree = "<group>"; };
		88D90A5426819B4A00E52BD7 /* LoggedOutBuilder.swift */ = {isa = PBXFileReference; lastKnownFileType = sourcecode.swift; path = LoggedOutBuilder.swift; sourceTree = "<group>"; };
		88D90A5526819B4A00E52BD7 /* LoggedOutInteractor.swift */ = {isa = PBXFileReference; lastKnownFileType = sourcecode.swift; path = LoggedOutInteractor.swift; sourceTree = "<group>"; };
		9F5CD3D3721DF79176071238 /* Pods-TodoRIBsTests.release.xcconfig */ = {isa = PBXFileReference; includeInIndex = 1; lastKnownFileType = text.xcconfig; name = "Pods-TodoRIBsTests.release.xcconfig"; path = "Target Support Files/Pods-TodoRIBsTests/Pods-TodoRIBsTests.release.xcconfig"; sourceTree = "<group>"; };
		E4FCEAC8FE222FE6A5292823 /* Pods-TodoRIBs-TodoRIBsUITests.release.xcconfig */ = {isa = PBXFileReference; includeInIndex = 1; lastKnownFileType = text.xcconfig; name = "Pods-TodoRIBs-TodoRIBsUITests.release.xcconfig"; path = "Target Support Files/Pods-TodoRIBs-TodoRIBsUITests/Pods-TodoRIBs-TodoRIBsUITests.release.xcconfig"; sourceTree = "<group>"; };
		E50FF536D69588D263CABA18 /* Pods_TodoRIBs_TodoRIBsUITests.framework */ = {isa = PBXFileReference; explicitFileType = wrapper.framework; includeInIndex = 0; path = Pods_TodoRIBs_TodoRIBsUITests.framework; sourceTree = BUILT_PRODUCTS_DIR; };
		EB1DAF53767CDDECF2B2DA8D /* Pods-TodoRIBs.release.xcconfig */ = {isa = PBXFileReference; includeInIndex = 1; lastKnownFileType = text.xcconfig; name = "Pods-TodoRIBs.release.xcconfig"; path = "Target Support Files/Pods-TodoRIBs/Pods-TodoRIBs.release.xcconfig"; sourceTree = "<group>"; };
		F7B44C9451F0909579CED700 /* Pods-TodoRIBs-TodoRIBsUITests.debug.xcconfig */ = {isa = PBXFileReference; includeInIndex = 1; lastKnownFileType = text.xcconfig; name = "Pods-TodoRIBs-TodoRIBsUITests.debug.xcconfig"; path = "Target Support Files/Pods-TodoRIBs-TodoRIBsUITests/Pods-TodoRIBs-TodoRIBsUITests.debug.xcconfig"; sourceTree = "<group>"; };
		F9BC20A090511C749DE89D73 /* Pods-TodoRIBsTests.debug.xcconfig */ = {isa = PBXFileReference; includeInIndex = 1; lastKnownFileType = text.xcconfig; name = "Pods-TodoRIBsTests.debug.xcconfig"; path = "Target Support Files/Pods-TodoRIBsTests/Pods-TodoRIBsTests.debug.xcconfig"; sourceTree = "<group>"; };
/* End PBXFileReference section */

/* Begin PBXFrameworksBuildPhase section */
		88D90A1E2681987400E52BD7 /* Frameworks */ = {
			isa = PBXFrameworksBuildPhase;
			buildActionMask = 2147483647;
			files = (
				51B1556826AA8CE000B5F98A /* FirebaseMessaging in Frameworks */,
				11BE11D9F1059A1C5FC9A201 /* Pods_TodoRIBs.framework in Frameworks */,
				51335D21269C14610058DF3E /* FirebaseAuth in Frameworks */,
			);
			runOnlyForDeploymentPostprocessing = 0;
		};
		88D90A2F2681987700E52BD7 /* Frameworks */ = {
			isa = PBXFrameworksBuildPhase;
			buildActionMask = 2147483647;
			files = (
				8830DF1403335DFF38354713 /* Pods_TodoRIBsTests.framework in Frameworks */,
			);
			runOnlyForDeploymentPostprocessing = 0;
		};
/* End PBXFrameworksBuildPhase section */

/* Begin PBXGroup section */
		51335D22269C1F520058DF3E /* Root */ = {
			isa = PBXGroup;
			children = (
				88D90A362681987700E52BD7 /* RootMocks.swift */,
				5148B9EB269C26FF00DDD9C1 /* RootRouterTests.swift */,
			);
			path = Root;
			sourceTree = "<group>";
		};
		5148B9EF269C3A3000DDD9C1 /* LoggedOut */ = {
			isa = PBXGroup;
			children = (
				5148B9F0269C3A4100DDD9C1 /* LoggedOutInteractorTests.swift */,
				5148B9F1269C3A4100DDD9C1 /* LoggedOutRouterTests.swift */,
				5148B9F4269C3EBF00DDD9C1 /* LoggedOutMocks.swift */,
			);
			path = LoggedOut;
			sourceTree = "<group>";
		};
		5148B9F7269C7CB900DDD9C1 /* Utils */ = {
			isa = PBXGroup;
			children = (
				5148B9F8269C7CC300DDD9C1 /* Logger.swift */,
			);
			path = Utils;
			sourceTree = "<group>";
		};
		51589D76269BDA8700232F35 /* AppStart */ = {
			isa = PBXGroup;
			children = (
				51589D77269BDA9D00232F35 /* StubAppDelegate.swift */,
			);
			path = AppStart;
			sourceTree = "<group>";
		};
		51589D79269BFB8200232F35 /* Extension */ = {
			isa = PBXGroup;
			children = (
				51F7175326B0181F00193DF7 /* RIBs+Extensions */,
			);
			path = Extension;
			sourceTree = "<group>";
		};
		516D00C326AE96FE0084552C /* Base */ = {
			isa = PBXGroup;
			children = (
				516D00C426AE970A0084552C /* BaseViewController.swift */,
			);
			path = Base;
			sourceTree = "<group>";
		};
		516DAB34269E8D7F006F8A1C /* Utils */ = {
			isa = PBXGroup;
			children = (
				516DAB35269E8D90006F8A1C /* AuthMangerMocks.swift */,
			);
			path = Utils;
			sourceTree = "<group>";
		};
		51B12BDD26B7FE85008D2208 /* Signup */ = {
			isa = PBXGroup;
			children = (
				51B12BDE26B7FECA008D2208 /* SignupRouter.swift */,
				51B12BDF26B7FECA008D2208 /* SignupViewController.swift */,
				51B12BE026B7FECA008D2208 /* SignupBuilder.swift */,
				51B12BE126B7FECA008D2208 /* SignupInteractor.swift */,
			);
			path = Signup;
			sourceTree = "<group>";
		};
		51F7174E26B014C300193DF7 /* Features */ = {
			isa = PBXGroup;
			children = (
				516D00C326AE96FE0084552C /* Base */,
				88D90A4F2681988500E52BD7 /* AppStart */,
				884EA49B268C288100747581 /* Root */,
				88D90A5A26819B5000E52BD7 /* LoggedOut */,
				51B12BDD26B7FE85008D2208 /* Signup */,
			);
			path = Features;
			sourceTree = "<group>";
		};
		51F7175326B0181F00193DF7 /* RIBs+Extensions */ = {
			isa = PBXGroup;
			children = (
				51589D7A269BFBA100232F35 /* UINavigationControllerExtensions.swift */,
				51F7175126B0181800193DF7 /* ViewControllableExtensions.swift */,
			);
			path = "RIBs+Extensions";
			sourceTree = "<group>";
		};
		51F7175426B0190700193DF7 /* Protocols */ = {
			isa = PBXGroup;
			children = (
				51F7175526B0193F00193DF7 /* HasSetupConstraints.swift */,
				51F7175726B0194E00193DF7 /* HasDisposeBag.swift */,
			);
			path = Protocols;
			sourceTree = "<group>";
		};
		51F7175926B7966700193DF7 /* Core */ = {
			isa = PBXGroup;
			children = (
				51F7175B26B796B300193DF7 /* Auth */,
				51589D79269BFB8200232F35 /* Extension */,
				51F7175A26B7967900193DF7 /* Presentation */,
				5148B9F7269C7CB900DDD9C1 /* Utils */,
			);
			path = Core;
			sourceTree = "<group>";
		};
		51F7175A26B7967900193DF7 /* Presentation */ = {
			isa = PBXGroup;
			children = (
				51F7175426B0190700193DF7 /* Protocols */,
			);
			path = Presentation;
			sourceTree = "<group>";
		};
		51F7175B26B796B300193DF7 /* Auth */ = {
			isa = PBXGroup;
			children = (
				516DAB31269E84CE006F8A1C /* AuthManager.swift */,
			);
			path = Auth;
			sourceTree = "<group>";
		};
		51F7175C26B796DC00193DF7 /* Dependencies */ = {
			isa = PBXGroup;
			children = (
				51589D722696037300232F35 /* RootComponent+Main.swift */,
			);
			path = Dependencies;
			sourceTree = "<group>";
		};
		884EA49B268C288100747581 /* Root */ = {
			isa = PBXGroup;
			children = (
				51F7175C26B796DC00193DF7 /* Dependencies */,
				884EA495268C287900747581 /* RootRouter.swift */,
				884EA496268C287900747581 /* RootBuilder.swift */,
				884EA497268C287900747581 /* RootInteractor.swift */,
				884EA49C268C296500747581 /* RootViewController.swift */,
			);
			path = Root;
			sourceTree = "<group>";
		};
		88D90A182681987400E52BD7 = {
			isa = PBXGroup;
			children = (
				88D90A232681987400E52BD7 /* TodoRIBs */,
				88D90A352681987700E52BD7 /* TodoRIBsTests */,
				88D90A222681987400E52BD7 /* Products */,
				8CAD4A6D5EE84A2382FA7AF9 /* Pods */,
				C32D2F709FDE2E9C47C58F34 /* Frameworks */,
			);
			sourceTree = "<group>";
		};
		88D90A222681987400E52BD7 /* Products */ = {
			isa = PBXGroup;
			children = (
				88D90A212681987400E52BD7 /* TodoRIBs.app */,
				88D90A322681987700E52BD7 /* TodoRIBsTests.xctest */,
			);
			name = Products;
			sourceTree = "<group>";
		};
		88D90A232681987400E52BD7 /* TodoRIBs */ = {
			isa = PBXGroup;
			children = (
				51F7175926B7966700193DF7 /* Core */,
				51F7174E26B014C300193DF7 /* Features */,
				51B1556626AA840900B5F98A /* TodoRIBs.entitlements */,
				88D90A282681987600E52BD7 /* Assets.xcassets */,
				88D90A2D2681987600E52BD7 /* Info.plist */,
				51589DBA269C109900232F35 /* GoogleService-Info.plist */,
			);
			path = TodoRIBs;
			sourceTree = "<group>";
		};
		88D90A352681987700E52BD7 /* TodoRIBsTests */ = {
			isa = PBXGroup;
			children = (
				516DAB34269E8D7F006F8A1C /* Utils */,
				5148B9EF269C3A3000DDD9C1 /* LoggedOut */,
				51335D22269C1F520058DF3E /* Root */,
				51589D76269BDA8700232F35 /* AppStart */,
				88D90A382681987700E52BD7 /* Info.plist */,
			);
			path = TodoRIBsTests;
			sourceTree = "<group>";
		};
		88D90A4F2681988500E52BD7 /* AppStart */ = {
			isa = PBXGroup;
			children = (
				884EA4BE268C29A100747581 /* AppDelegate.swift */,
				884EA4C0268C29B600747581 /* SceneDelegate.swift */,
				884EA4C2268C2FD400747581 /* AppComponent.swift */,
				51589D74269BDA2700232F35 /* main.swift */,
			);
			path = AppStart;
			sourceTree = "<group>";
		};
		88D90A5A26819B5000E52BD7 /* LoggedOut */ = {
			isa = PBXGroup;
			children = (
				88D90A5226819B4900E52BD7 /* LoggedOutRouter.swift */,
				88D90A5326819B4A00E52BD7 /* LoggedOutViewController.swift */,
				88D90A5426819B4A00E52BD7 /* LoggedOutBuilder.swift */,
				88D90A5526819B4A00E52BD7 /* LoggedOutInteractor.swift */,
			);
			path = LoggedOut;
			sourceTree = "<group>";
		};
		8CAD4A6D5EE84A2382FA7AF9 /* Pods */ = {
			isa = PBXGroup;
			children = (
				7BB1F8D787DAF92374EA8B56 /* Pods-TodoRIBs.debug.xcconfig */,
				EB1DAF53767CDDECF2B2DA8D /* Pods-TodoRIBs.release.xcconfig */,
				F7B44C9451F0909579CED700 /* Pods-TodoRIBs-TodoRIBsUITests.debug.xcconfig */,
				E4FCEAC8FE222FE6A5292823 /* Pods-TodoRIBs-TodoRIBsUITests.release.xcconfig */,
				F9BC20A090511C749DE89D73 /* Pods-TodoRIBsTests.debug.xcconfig */,
				9F5CD3D3721DF79176071238 /* Pods-TodoRIBsTests.release.xcconfig */,
			);
			path = Pods;
			sourceTree = "<group>";
		};
		C32D2F709FDE2E9C47C58F34 /* Frameworks */ = {
			isa = PBXGroup;
			children = (
				64A3A8C01C42ED2730726FFC /* Pods_TodoRIBs.framework */,
				E50FF536D69588D263CABA18 /* Pods_TodoRIBs_TodoRIBsUITests.framework */,
				692431AB8FB88D06F7A0B6D7 /* Pods_TodoRIBsTests.framework */,
			);
			name = Frameworks;
			sourceTree = "<group>";
		};
/* End PBXGroup section */

/* Begin PBXNativeTarget section */
		88D90A202681987400E52BD7 /* TodoRIBs */ = {
			isa = PBXNativeTarget;
			buildConfigurationList = 88D90A462681987700E52BD7 /* Build configuration list for PBXNativeTarget "TodoRIBs" */;
			buildPhases = (
				31FDC083047DD39C4944EFBC /* [CP] Check Pods Manifest.lock */,
				88D90A1D2681987400E52BD7 /* Sources */,
				88D90A1E2681987400E52BD7 /* Frameworks */,
				88D90A1F2681987400E52BD7 /* Resources */,
				249AF9188EE74CF26696D888 /* [CP] Embed Pods Frameworks */,
			);
			buildRules = (
			);
			dependencies = (
			);
			name = TodoRIBs;
			packageProductDependencies = (
				51335D20269C14610058DF3E /* FirebaseAuth */,
				51B1556726AA8CE000B5F98A /* FirebaseMessaging */,
			);
			productName = TodoRIBs;
			productReference = 88D90A212681987400E52BD7 /* TodoRIBs.app */;
			productType = "com.apple.product-type.application";
		};
		88D90A312681987700E52BD7 /* TodoRIBsTests */ = {
			isa = PBXNativeTarget;
			buildConfigurationList = 88D90A492681987700E52BD7 /* Build configuration list for PBXNativeTarget "TodoRIBsTests" */;
			buildPhases = (
				D7C4D063675E76F705EB04F9 /* [CP] Check Pods Manifest.lock */,
				88D90A2E2681987700E52BD7 /* Sources */,
				88D90A2F2681987700E52BD7 /* Frameworks */,
				88D90A302681987700E52BD7 /* Resources */,
				BE6E3AF07B784CC0E33F68DD /* [CP] Embed Pods Frameworks */,
			);
			buildRules = (
			);
			dependencies = (
				88D90A342681987700E52BD7 /* PBXTargetDependency */,
			);
			name = TodoRIBsTests;
			productName = TodoRIBsTests;
			productReference = 88D90A322681987700E52BD7 /* TodoRIBsTests.xctest */;
			productType = "com.apple.product-type.bundle.unit-test";
		};
/* End PBXNativeTarget section */

/* Begin PBXProject section */
		88D90A192681987400E52BD7 /* Project object */ = {
			isa = PBXProject;
			attributes = {
				LastSwiftUpdateCheck = 1250;
				LastUpgradeCheck = 1250;
				TargetAttributes = {
					88D90A202681987400E52BD7 = {
						CreatedOnToolsVersion = 12.5;
					};
					88D90A312681987700E52BD7 = {
						CreatedOnToolsVersion = 12.5;
						TestTargetID = 88D90A202681987400E52BD7;
					};
				};
			};
			buildConfigurationList = 88D90A1C2681987400E52BD7 /* Build configuration list for PBXProject "TodoRIBs" */;
			compatibilityVersion = "Xcode 9.3";
			developmentRegion = en;
			hasScannedForEncodings = 0;
			knownRegions = (
				en,
				Base,
			);
			mainGroup = 88D90A182681987400E52BD7;
			packageReferences = (
				51335D1F269C14610058DF3E /* XCRemoteSwiftPackageReference "firebase-ios-sdk" */,
			);
			productRefGroup = 88D90A222681987400E52BD7 /* Products */;
			projectDirPath = "";
			projectRoot = "";
			targets = (
				88D90A202681987400E52BD7 /* TodoRIBs */,
				88D90A312681987700E52BD7 /* TodoRIBsTests */,
			);
		};
/* End PBXProject section */

/* Begin PBXResourcesBuildPhase section */
		88D90A1F2681987400E52BD7 /* Resources */ = {
			isa = PBXResourcesBuildPhase;
			buildActionMask = 2147483647;
			files = (
				88D90A292681987600E52BD7 /* Assets.xcassets in Resources */,
				51589DBB269C109900232F35 /* GoogleService-Info.plist in Resources */,
			);
			runOnlyForDeploymentPostprocessing = 0;
		};
		88D90A302681987700E52BD7 /* Resources */ = {
			isa = PBXResourcesBuildPhase;
			buildActionMask = 2147483647;
			files = (
			);
			runOnlyForDeploymentPostprocessing = 0;
		};
/* End PBXResourcesBuildPhase section */

/* Begin PBXShellScriptBuildPhase section */
		249AF9188EE74CF26696D888 /* [CP] Embed Pods Frameworks */ = {
			isa = PBXShellScriptBuildPhase;
			buildActionMask = 2147483647;
			files = (
			);
			inputFileListPaths = (
				"${PODS_ROOT}/Target Support Files/Pods-TodoRIBs/Pods-TodoRIBs-frameworks-${CONFIGURATION}-input-files.xcfilelist",
			);
			name = "[CP] Embed Pods Frameworks";
			outputFileListPaths = (
				"${PODS_ROOT}/Target Support Files/Pods-TodoRIBs/Pods-TodoRIBs-frameworks-${CONFIGURATION}-output-files.xcfilelist",
			);
			runOnlyForDeploymentPostprocessing = 0;
			shellPath = /bin/sh;
			shellScript = "\"${PODS_ROOT}/Target Support Files/Pods-TodoRIBs/Pods-TodoRIBs-frameworks.sh\"\n";
			showEnvVarsInLog = 0;
		};
		31FDC083047DD39C4944EFBC /* [CP] Check Pods Manifest.lock */ = {
			isa = PBXShellScriptBuildPhase;
			buildActionMask = 2147483647;
			files = (
			);
			inputFileListPaths = (
			);
			inputPaths = (
				"${PODS_PODFILE_DIR_PATH}/Podfile.lock",
				"${PODS_ROOT}/Manifest.lock",
			);
			name = "[CP] Check Pods Manifest.lock";
			outputFileListPaths = (
			);
			outputPaths = (
				"$(DERIVED_FILE_DIR)/Pods-TodoRIBs-checkManifestLockResult.txt",
			);
			runOnlyForDeploymentPostprocessing = 0;
			shellPath = /bin/sh;
			shellScript = "diff \"${PODS_PODFILE_DIR_PATH}/Podfile.lock\" \"${PODS_ROOT}/Manifest.lock\" > /dev/null\nif [ $? != 0 ] ; then\n    # print error to STDERR\n    echo \"error: The sandbox is not in sync with the Podfile.lock. Run 'pod install' or update your CocoaPods installation.\" >&2\n    exit 1\nfi\n# This output is used by Xcode 'outputs' to avoid re-running this script phase.\necho \"SUCCESS\" > \"${SCRIPT_OUTPUT_FILE_0}\"\n";
			showEnvVarsInLog = 0;
		};
		BE6E3AF07B784CC0E33F68DD /* [CP] Embed Pods Frameworks */ = {
			isa = PBXShellScriptBuildPhase;
			buildActionMask = 2147483647;
			files = (
			);
			inputFileListPaths = (
				"${PODS_ROOT}/Target Support Files/Pods-TodoRIBsTests/Pods-TodoRIBsTests-frameworks-${CONFIGURATION}-input-files.xcfilelist",
			);
			name = "[CP] Embed Pods Frameworks";
			outputFileListPaths = (
				"${PODS_ROOT}/Target Support Files/Pods-TodoRIBsTests/Pods-TodoRIBsTests-frameworks-${CONFIGURATION}-output-files.xcfilelist",
			);
			runOnlyForDeploymentPostprocessing = 0;
			shellPath = /bin/sh;
			shellScript = "\"${PODS_ROOT}/Target Support Files/Pods-TodoRIBsTests/Pods-TodoRIBsTests-frameworks.sh\"\n";
			showEnvVarsInLog = 0;
		};
		D7C4D063675E76F705EB04F9 /* [CP] Check Pods Manifest.lock */ = {
			isa = PBXShellScriptBuildPhase;
			buildActionMask = 2147483647;
			files = (
			);
			inputFileListPaths = (
			);
			inputPaths = (
				"${PODS_PODFILE_DIR_PATH}/Podfile.lock",
				"${PODS_ROOT}/Manifest.lock",
			);
			name = "[CP] Check Pods Manifest.lock";
			outputFileListPaths = (
			);
			outputPaths = (
				"$(DERIVED_FILE_DIR)/Pods-TodoRIBsTests-checkManifestLockResult.txt",
			);
			runOnlyForDeploymentPostprocessing = 0;
			shellPath = /bin/sh;
			shellScript = "diff \"${PODS_PODFILE_DIR_PATH}/Podfile.lock\" \"${PODS_ROOT}/Manifest.lock\" > /dev/null\nif [ $? != 0 ] ; then\n    # print error to STDERR\n    echo \"error: The sandbox is not in sync with the Podfile.lock. Run 'pod install' or update your CocoaPods installation.\" >&2\n    exit 1\nfi\n# This output is used by Xcode 'outputs' to avoid re-running this script phase.\necho \"SUCCESS\" > \"${SCRIPT_OUTPUT_FILE_0}\"\n";
			showEnvVarsInLog = 0;
		};
/* End PBXShellScriptBuildPhase section */

/* Begin PBXSourcesBuildPhase section */
		88D90A1D2681987400E52BD7 /* Sources */ = {
			isa = PBXSourcesBuildPhase;
			buildActionMask = 2147483647;
			files = (
				884EA4BF268C29A100747581 /* AppDelegate.swift in Sources */,
				51589D75269BDA2700232F35 /* main.swift in Sources */,
				51B12BE526B7FECA008D2208 /* SignupInteractor.swift in Sources */,
				51B12BE326B7FECA008D2208 /* SignupViewController.swift in Sources */,
				884EA49D268C296500747581 /* RootViewController.swift in Sources */,
				88D90A5626819B4A00E52BD7 /* LoggedOutRouter.swift in Sources */,
				88D90A5726819B4A00E52BD7 /* LoggedOutViewController.swift in Sources */,
				884EA4C3268C2FD400747581 /* AppComponent.swift in Sources */,
				884EA498268C287900747581 /* RootRouter.swift in Sources */,
				51F7175826B0194E00193DF7 /* HasDisposeBag.swift in Sources */,
				516D00C526AE970A0084552C /* BaseViewController.swift in Sources */,
				51589D7B269BFBA100232F35 /* UINavigationControllerExtensions.swift in Sources */,
				88D90A5826819B4A00E52BD7 /* LoggedOutBuilder.swift in Sources */,
				51F7175226B0181800193DF7 /* ViewControllableExtensions.swift in Sources */,
				516DAB32269E84CE006F8A1C /* AuthManager.swift in Sources */,
				51B12BE426B7FECA008D2208 /* SignupBuilder.swift in Sources */,
				884EA4C1268C29B600747581 /* SceneDelegate.swift in Sources */,
				51F7175626B0193F00193DF7 /* HasSetupConstraints.swift in Sources */,
				5148B9F9269C7CC400DDD9C1 /* Logger.swift in Sources */,
				884EA49A268C287900747581 /* RootInteractor.swift in Sources */,
				88D90A5926819B4A00E52BD7 /* LoggedOutInteractor.swift in Sources */,
				51B12BE226B7FECA008D2208 /* SignupRouter.swift in Sources */,
				51589D732696037300232F35 /* RootComponent+Main.swift in Sources */,
				884EA499268C287900747581 /* RootBuilder.swift in Sources */,
			);
			runOnlyForDeploymentPostprocessing = 0;
		};
		88D90A2E2681987700E52BD7 /* Sources */ = {
			isa = PBXSourcesBuildPhase;
			buildActionMask = 2147483647;
			files = (
				5148B9ED269C26FF00DDD9C1 /* RootRouterTests.swift in Sources */,
				5148B9F2269C3A4200DDD9C1 /* LoggedOutInteractorTests.swift in Sources */,
				5148B9F5269C3EBF00DDD9C1 /* LoggedOutMocks.swift in Sources */,
				516DAB36269E8D90006F8A1C /* AuthMangerMocks.swift in Sources */,
				5148B9F3269C3A4200DDD9C1 /* LoggedOutRouterTests.swift in Sources */,
				88D90A372681987700E52BD7 /* RootMocks.swift in Sources */,
				5148B9EE269C37DD00DDD9C1 /* StubAppDelegate.swift in Sources */,
			);
			runOnlyForDeploymentPostprocessing = 0;
		};
/* End PBXSourcesBuildPhase section */

/* Begin PBXTargetDependency section */
		88D90A342681987700E52BD7 /* PBXTargetDependency */ = {
			isa = PBXTargetDependency;
			target = 88D90A202681987400E52BD7 /* TodoRIBs */;
			targetProxy = 88D90A332681987700E52BD7 /* PBXContainerItemProxy */;
		};
/* End PBXTargetDependency section */

/* Begin XCBuildConfiguration section */
		88D90A442681987700E52BD7 /* Debug */ = {
			isa = XCBuildConfiguration;
			buildSettings = {
				ALWAYS_SEARCH_USER_PATHS = NO;
				CLANG_ANALYZER_NONNULL = YES;
				CLANG_ANALYZER_NUMBER_OBJECT_CONVERSION = YES_AGGRESSIVE;
				CLANG_CXX_LANGUAGE_STANDARD = "gnu++14";
				CLANG_CXX_LIBRARY = "libc++";
				CLANG_ENABLE_MODULES = YES;
				CLANG_ENABLE_OBJC_ARC = YES;
				CLANG_ENABLE_OBJC_WEAK = YES;
				CLANG_WARN_BLOCK_CAPTURE_AUTORELEASING = YES;
				CLANG_WARN_BOOL_CONVERSION = YES;
				CLANG_WARN_COMMA = YES;
				CLANG_WARN_CONSTANT_CONVERSION = YES;
				CLANG_WARN_DEPRECATED_OBJC_IMPLEMENTATIONS = YES;
				CLANG_WARN_DIRECT_OBJC_ISA_USAGE = YES_ERROR;
				CLANG_WARN_DOCUMENTATION_COMMENTS = YES;
				CLANG_WARN_EMPTY_BODY = YES;
				CLANG_WARN_ENUM_CONVERSION = YES;
				CLANG_WARN_INFINITE_RECURSION = YES;
				CLANG_WARN_INT_CONVERSION = YES;
				CLANG_WARN_NON_LITERAL_NULL_CONVERSION = YES;
				CLANG_WARN_OBJC_IMPLICIT_RETAIN_SELF = YES;
				CLANG_WARN_OBJC_LITERAL_CONVERSION = YES;
				CLANG_WARN_OBJC_ROOT_CLASS = YES_ERROR;
				CLANG_WARN_QUOTED_INCLUDE_IN_FRAMEWORK_HEADER = YES;
				CLANG_WARN_RANGE_LOOP_ANALYSIS = YES;
				CLANG_WARN_STRICT_PROTOTYPES = YES;
				CLANG_WARN_SUSPICIOUS_MOVE = YES;
				CLANG_WARN_UNGUARDED_AVAILABILITY = YES_AGGRESSIVE;
				CLANG_WARN_UNREACHABLE_CODE = YES;
				CLANG_WARN__DUPLICATE_METHOD_MATCH = YES;
				COPY_PHASE_STRIP = NO;
				DEBUG_INFORMATION_FORMAT = dwarf;
				ENABLE_STRICT_OBJC_MSGSEND = YES;
				ENABLE_TESTABILITY = YES;
				GCC_C_LANGUAGE_STANDARD = gnu11;
				GCC_DYNAMIC_NO_PIC = NO;
				GCC_NO_COMMON_BLOCKS = YES;
				GCC_OPTIMIZATION_LEVEL = 0;
				GCC_PREPROCESSOR_DEFINITIONS = (
					"DEBUG=1",
					"$(inherited)",
				);
				GCC_WARN_64_TO_32_BIT_CONVERSION = YES;
				GCC_WARN_ABOUT_RETURN_TYPE = YES_ERROR;
				GCC_WARN_UNDECLARED_SELECTOR = YES;
				GCC_WARN_UNINITIALIZED_AUTOS = YES_AGGRESSIVE;
				GCC_WARN_UNUSED_FUNCTION = YES;
				GCC_WARN_UNUSED_VARIABLE = YES;
				IPHONEOS_DEPLOYMENT_TARGET = 13.0;
				MTL_ENABLE_DEBUG_INFO = INCLUDE_SOURCE;
				MTL_FAST_MATH = YES;
				ONLY_ACTIVE_ARCH = YES;
				SDKROOT = iphoneos;
				SWIFT_ACTIVE_COMPILATION_CONDITIONS = DEBUG;
				SWIFT_OPTIMIZATION_LEVEL = "-Onone";
			};
			name = Debug;
		};
		88D90A452681987700E52BD7 /* Release */ = {
			isa = XCBuildConfiguration;
			buildSettings = {
				ALWAYS_SEARCH_USER_PATHS = NO;
				CLANG_ANALYZER_NONNULL = YES;
				CLANG_ANALYZER_NUMBER_OBJECT_CONVERSION = YES_AGGRESSIVE;
				CLANG_CXX_LANGUAGE_STANDARD = "gnu++14";
				CLANG_CXX_LIBRARY = "libc++";
				CLANG_ENABLE_MODULES = YES;
				CLANG_ENABLE_OBJC_ARC = YES;
				CLANG_ENABLE_OBJC_WEAK = YES;
				CLANG_WARN_BLOCK_CAPTURE_AUTORELEASING = YES;
				CLANG_WARN_BOOL_CONVERSION = YES;
				CLANG_WARN_COMMA = YES;
				CLANG_WARN_CONSTANT_CONVERSION = YES;
				CLANG_WARN_DEPRECATED_OBJC_IMPLEMENTATIONS = YES;
				CLANG_WARN_DIRECT_OBJC_ISA_USAGE = YES_ERROR;
				CLANG_WARN_DOCUMENTATION_COMMENTS = YES;
				CLANG_WARN_EMPTY_BODY = YES;
				CLANG_WARN_ENUM_CONVERSION = YES;
				CLANG_WARN_INFINITE_RECURSION = YES;
				CLANG_WARN_INT_CONVERSION = YES;
				CLANG_WARN_NON_LITERAL_NULL_CONVERSION = YES;
				CLANG_WARN_OBJC_IMPLICIT_RETAIN_SELF = YES;
				CLANG_WARN_OBJC_LITERAL_CONVERSION = YES;
				CLANG_WARN_OBJC_ROOT_CLASS = YES_ERROR;
				CLANG_WARN_QUOTED_INCLUDE_IN_FRAMEWORK_HEADER = YES;
				CLANG_WARN_RANGE_LOOP_ANALYSIS = YES;
				CLANG_WARN_STRICT_PROTOTYPES = YES;
				CLANG_WARN_SUSPICIOUS_MOVE = YES;
				CLANG_WARN_UNGUARDED_AVAILABILITY = YES_AGGRESSIVE;
				CLANG_WARN_UNREACHABLE_CODE = YES;
				CLANG_WARN__DUPLICATE_METHOD_MATCH = YES;
				COPY_PHASE_STRIP = NO;
				DEBUG_INFORMATION_FORMAT = "dwarf-with-dsym";
				ENABLE_NS_ASSERTIONS = NO;
				ENABLE_STRICT_OBJC_MSGSEND = YES;
				GCC_C_LANGUAGE_STANDARD = gnu11;
				GCC_NO_COMMON_BLOCKS = YES;
				GCC_WARN_64_TO_32_BIT_CONVERSION = YES;
				GCC_WARN_ABOUT_RETURN_TYPE = YES_ERROR;
				GCC_WARN_UNDECLARED_SELECTOR = YES;
				GCC_WARN_UNINITIALIZED_AUTOS = YES_AGGRESSIVE;
				GCC_WARN_UNUSED_FUNCTION = YES;
				GCC_WARN_UNUSED_VARIABLE = YES;
				IPHONEOS_DEPLOYMENT_TARGET = 13.0;
				MTL_ENABLE_DEBUG_INFO = NO;
				MTL_FAST_MATH = YES;
				SDKROOT = iphoneos;
				SWIFT_COMPILATION_MODE = wholemodule;
				SWIFT_OPTIMIZATION_LEVEL = "-O";
				VALIDATE_PRODUCT = YES;
			};
			name = Release;
		};
		88D90A472681987700E52BD7 /* Debug */ = {
			isa = XCBuildConfiguration;
			baseConfigurationReference = 7BB1F8D787DAF92374EA8B56 /* Pods-TodoRIBs.debug.xcconfig */;
			buildSettings = {
				ASSETCATALOG_COMPILER_APPICON_NAME = AppIcon;
				ASSETCATALOG_COMPILER_GLOBAL_ACCENT_COLOR_NAME = AccentColor;
				CODE_SIGN_ENTITLEMENTS = TodoRIBs/TodoRIBs.entitlements;
				CODE_SIGN_STYLE = Automatic;
				DEVELOPMENT_ASSET_PATHS = "";
				DEVELOPMENT_TEAM = DLY5388CL9;
				ENABLE_PREVIEWS = YES;
				INFOPLIST_FILE = TodoRIBs/Info.plist;
				IPHONEOS_DEPLOYMENT_TARGET = 13.0;
				LD_RUNPATH_SEARCH_PATHS = (
					"$(inherited)",
					"@executable_path/Frameworks",
				);
				MARKETING_VERSION = 1.0.0;
				PRODUCT_BUNDLE_IDENTIFIER = mephrine.TodoRIBs;
				PRODUCT_NAME = "$(TARGET_NAME)";
				SWIFT_VERSION = 5.0;
				TARGETED_DEVICE_FAMILY = "1,2";
			};
			name = Debug;
		};
		88D90A482681987700E52BD7 /* Release */ = {
			isa = XCBuildConfiguration;
			baseConfigurationReference = EB1DAF53767CDDECF2B2DA8D /* Pods-TodoRIBs.release.xcconfig */;
			buildSettings = {
				ASSETCATALOG_COMPILER_APPICON_NAME = AppIcon;
				ASSETCATALOG_COMPILER_GLOBAL_ACCENT_COLOR_NAME = AccentColor;
				CODE_SIGN_ENTITLEMENTS = TodoRIBs/TodoRIBs.entitlements;
				CODE_SIGN_STYLE = Automatic;
				DEVELOPMENT_ASSET_PATHS = "";
				DEVELOPMENT_TEAM = DLY5388CL9;
				ENABLE_PREVIEWS = YES;
				INFOPLIST_FILE = TodoRIBs/Info.plist;
				IPHONEOS_DEPLOYMENT_TARGET = 13.0;
				LD_RUNPATH_SEARCH_PATHS = (
					"$(inherited)",
					"@executable_path/Frameworks",
				);
				MARKETING_VERSION = 1.0.0;
				PRODUCT_BUNDLE_IDENTIFIER = mephrine.TodoRIBs;
				PRODUCT_NAME = "$(TARGET_NAME)";
				SWIFT_VERSION = 5.0;
				TARGETED_DEVICE_FAMILY = "1,2";
			};
			name = Release;
		};
		88D90A4A2681987700E52BD7 /* Debug */ = {
			isa = XCBuildConfiguration;
			baseConfigurationReference = F9BC20A090511C749DE89D73 /* Pods-TodoRIBsTests.debug.xcconfig */;
			buildSettings = {
				ALWAYS_EMBED_SWIFT_STANDARD_LIBRARIES = YES;
				BUNDLE_LOADER = "$(TEST_HOST)";
				CODE_SIGN_STYLE = Automatic;
				DEVELOPMENT_TEAM = DLY5388CL9;
				INFOPLIST_FILE = TodoRIBsTests/Info.plist;
				IPHONEOS_DEPLOYMENT_TARGET = 14.0;
				LD_RUNPATH_SEARCH_PATHS = (
					"$(inherited)",
					"@executable_path/Frameworks",
					"@loader_path/Frameworks",
				);
				PRODUCT_BUNDLE_IDENTIFIER = mephrine.TodoRIBsTests;
				PRODUCT_NAME = "$(TARGET_NAME)";
				SWIFT_VERSION = 5.0;
				TARGETED_DEVICE_FAMILY = "1,2";
				TEST_HOST = "$(BUILT_PRODUCTS_DIR)/TodoRIBs.app/TodoRIBs";
			};
			name = Debug;
		};
		88D90A4B2681987700E52BD7 /* Release */ = {
			isa = XCBuildConfiguration;
			baseConfigurationReference = 9F5CD3D3721DF79176071238 /* Pods-TodoRIBsTests.release.xcconfig */;
			buildSettings = {
				ALWAYS_EMBED_SWIFT_STANDARD_LIBRARIES = YES;
				BUNDLE_LOADER = "$(TEST_HOST)";
				CODE_SIGN_STYLE = Automatic;
				DEVELOPMENT_TEAM = DLY5388CL9;
				INFOPLIST_FILE = TodoRIBsTests/Info.plist;
				IPHONEOS_DEPLOYMENT_TARGET = 14.0;
				LD_RUNPATH_SEARCH_PATHS = (
					"$(inherited)",
					"@executable_path/Frameworks",
					"@loader_path/Frameworks",
				);
				PRODUCT_BUNDLE_IDENTIFIER = mephrine.TodoRIBsTests;
				PRODUCT_NAME = "$(TARGET_NAME)";
				SWIFT_VERSION = 5.0;
				TARGETED_DEVICE_FAMILY = "1,2";
				TEST_HOST = "$(BUILT_PRODUCTS_DIR)/TodoRIBs.app/TodoRIBs";
			};
			name = Release;
		};
/* End XCBuildConfiguration section */

/* Begin XCConfigurationList section */
		88D90A1C2681987400E52BD7 /* Build configuration list for PBXProject "TodoRIBs" */ = {
			isa = XCConfigurationList;
			buildConfigurations = (
				88D90A442681987700E52BD7 /* Debug */,
				88D90A452681987700E52BD7 /* Release */,
			);
			defaultConfigurationIsVisible = 0;
			defaultConfigurationName = Release;
		};
		88D90A462681987700E52BD7 /* Build configuration list for PBXNativeTarget "TodoRIBs" */ = {
			isa = XCConfigurationList;
			buildConfigurations = (
				88D90A472681987700E52BD7 /* Debug */,
				88D90A482681987700E52BD7 /* Release */,
			);
			defaultConfigurationIsVisible = 0;
			defaultConfigurationName = Release;
		};
		88D90A492681987700E52BD7 /* Build configuration list for PBXNativeTarget "TodoRIBsTests" */ = {
			isa = XCConfigurationList;
			buildConfigurations = (
				88D90A4A2681987700E52BD7 /* Debug */,
				88D90A4B2681987700E52BD7 /* Release */,
			);
			defaultConfigurationIsVisible = 0;
			defaultConfigurationName = Release;
		};
/* End XCConfigurationList section */

/* Begin XCRemoteSwiftPackageReference section */
		51335D1F269C14610058DF3E /* XCRemoteSwiftPackageReference "firebase-ios-sdk" */ = {
			isa = XCRemoteSwiftPackageReference;
			repositoryURL = "https://github.com/firebase/firebase-ios-sdk.git";
			requirement = {
				kind = upToNextMajorVersion;
				minimumVersion = 8.3.0;
			};
		};
/* End XCRemoteSwiftPackageReference section */

/* Begin XCSwiftPackageProductDependency section */
		51335D20269C14610058DF3E /* FirebaseAuth */ = {
			isa = XCSwiftPackageProductDependency;
			package = 51335D1F269C14610058DF3E /* XCRemoteSwiftPackageReference "firebase-ios-sdk" */;
			productName = FirebaseAuth;
		};
		51B1556726AA8CE000B5F98A /* FirebaseMessaging */ = {
			isa = XCSwiftPackageProductDependency;
			package = 51335D1F269C14610058DF3E /* XCRemoteSwiftPackageReference "firebase-ios-sdk" */;
			productName = FirebaseMessaging;
		};
/* End XCSwiftPackageProductDependency section */
	};
	rootObject = 88D90A192681987400E52BD7 /* Project object */;
}
